
Microsoft Visual Studio Solution File, Format Version 12.00
# Visual Studio 15
VisualStudioVersion = 15.0.28307.1145
MinimumVisualStudioVersion = 10.0.40219.1
Project("{FAE04EC0-301F-11D3-BF4B-00C04F79EFBC}") = "FileExplorer", "FileExplorer\FileExplorer.csproj", "{9AC41F99-3677-4515-816E-4A5EF847CAC3}"
EndProject
Global
	GlobalSection(SolutionConfigurationPlatforms) = preSolution
		Debug|Any CPU = Debug|Any CPU
		Release|Any CPU = Release|Any CPU
	EndGlobalSection
	GlobalSection(ProjectConfigurationPlatforms) = postSolution
		{9AC41F99-3677-4515-816E-4A5EF847CAC3}.Debug|Any CPU.ActiveCfg = Debug|Any CPU
		{9AC41F99-3677-4515-816E-4A5EF847CAC3}.Debug|Any CPU.Build.0 = Debug|Any CPU
		{9AC41F99-3677-4515-816E-4A5EF847CAC3}.Release|Any CPU.ActiveCfg = Release|Any CPU
		{9AC41F99-3677-4515-816E-4A5EF847CAC3}.Release|Any CPU.Build.0 = Release|Any CPU
	EndGlobalSection
	GlobalSection(SolutionProperties) = preSolution
		HideSolutionNode = FALSE
	EndGlobalSection
	GlobalSection(ExtensibilityGlobals) = postSolution
		SolutionGuid = {9811A435-8B35-46A0-9D2F-19ED0402D86D}
	EndGlobalSection
EndGlobal
